
Microsoft Visual Studio Solution File, Format Version 12.00
# Visual Studio 15
VisualStudioVersion = 15.0.28307.539
MinimumVisualStudioVersion = 10.0.40219.1
Project("{FAE04EC0-301F-11D3-BF4B-00C04F79EFBC}") = "Mortara.Sepsis", "Mortara.Sepsis\Mortara.Sepsis.csproj", "{AA73384D-D984-4BC0-8E5D-BAAD130339D2}"
EndProject
Project("{FAE04EC0-301F-11D3-BF4B-00C04F79EFBC}") = "Mortara.Sepsis.Import", "Mortara.Sepsis.Import\Mortara.Sepsis.Import.csproj", "{68DBF779-7CE7-4665-A1A7-D936E2E43A7C}"
EndProject
Global
	GlobalSection(SolutionConfigurationPlatforms) = preSolution
		Debug|Any CPU = Debug|Any CPU
		Release|Any CPU = Release|Any CPU
	EndGlobalSection
	GlobalSection(ProjectConfigurationPlatforms) = postSolution
		{AA73384D-D984-4BC0-8E5D-BAAD130339D2}.Debug|Any CPU.ActiveCfg = Debug|Any CPU
		{AA73384D-D984-4BC0-8E5D-BAAD130339D2}.Debug|Any CPU.Build.0 = Debug|Any CPU
		{AA73384D-D984-4BC0-8E5D-BAAD130339D2}.Release|Any CPU.ActiveCfg = Release|Any CPU
		{AA73384D-D984-4BC0-8E5D-BAAD130339D2}.Release|Any CPU.Build.0 = Release|Any CPU
		{68DBF779-7CE7-4665-A1A7-D936E2E43A7C}.Debug|Any CPU.ActiveCfg = Debug|Any CPU
		{68DBF779-7CE7-4665-A1A7-D936E2E43A7C}.Debug|Any CPU.Build.0 = Debug|Any CPU
		{68DBF779-7CE7-4665-A1A7-D936E2E43A7C}.Release|Any CPU.ActiveCfg = Release|Any CPU
		{68DBF779-7CE7-4665-A1A7-D936E2E43A7C}.Release|Any CPU.Build.0 = Release|Any CPU
	EndGlobalSection
	GlobalSection(SolutionProperties) = preSolution
		HideSolutionNode = FALSE
	EndGlobalSection
	GlobalSection(ExtensibilityGlobals) = postSolution
		SolutionGuid = {0A4822C8-3ED4-4182-8C5C-E0EDB9FF5DA9}
	EndGlobalSection
EndGlobal
